
Microsoft Visual Studio Solution File, Format Version 12.00
# Visual Studio Version 17
VisualStudioVersion = 17.3.32901.215
MinimumVisualStudioVersion = 10.0.40219.1
Project("{FAE04EC0-301F-11D3-BF4B-00C04F79EFBC}") = "Exam", "Exam\Exam.csproj", "{693DC568-7957-4B1C-923C-2088B30B16DE}"
EndProject
Global
	GlobalSection(SolutionConfigurationPlatforms) = preSolution
		Debug|Any CPU = Debug|Any CPU
		Release|Any CPU = Release|Any CPU
	EndGlobalSection
	GlobalSection(ProjectConfigurationPlatforms) = postSolution
		{693DC568-7957-4B1C-923C-2088B30B16DE}.Debug|Any CPU.ActiveCfg = Debug|Any CPU
		{693DC568-7957-4B1C-923C-2088B30B16DE}.Debug|Any CPU.Build.0 = Debug|Any CPU
		{693DC568-7957-4B1C-923C-2088B30B16DE}.Release|Any CPU.ActiveCfg = Release|Any CPU
		{693DC568-7957-4B1C-923C-2088B30B16DE}.Release|Any CPU.Build.0 = Release|Any CPU
	EndGlobalSection
	GlobalSection(SolutionProperties) = preSolution
		HideSolutionNode = FALSE
	EndGlobalSection
	GlobalSection(ExtensibilityGlobals) = postSolution
		SolutionGuid = {F5B85F6F-1DB2-47C2-9BE7-5CBDB8672F88}
	EndGlobalSection
EndGlobal
