
Microsoft Visual Studio Solution File, Format Version 12.00
# Visual Studio Version 17
VisualStudioVersion = 17.3.32901.215
MinimumVisualStudioVersion = 10.0.40219.1
Project("{FAE04EC0-301F-11D3-BF4B-00C04F79EFBC}") = "Lab6", "Lab6\Lab6.csproj", "{C8C435D1-C547-4483-A619-BF0476594B8D}"
EndProject
Global
	GlobalSection(SolutionConfigurationPlatforms) = preSolution
		Debug|Any CPU = Debug|Any CPU
		Release|Any CPU = Release|Any CPU
	EndGlobalSection
	GlobalSection(ProjectConfigurationPlatforms) = postSolution
		{C8C435D1-C547-4483-A619-BF0476594B8D}.Debug|Any CPU.ActiveCfg = Debug|Any CPU
		{C8C435D1-C547-4483-A619-BF0476594B8D}.Debug|Any CPU.Build.0 = Debug|Any CPU
		{C8C435D1-C547-4483-A619-BF0476594B8D}.Release|Any CPU.ActiveCfg = Release|Any CPU
		{C8C435D1-C547-4483-A619-BF0476594B8D}.Release|Any CPU.Build.0 = Release|Any CPU
	EndGlobalSection
	GlobalSection(SolutionProperties) = preSolution
		HideSolutionNode = FALSE
	EndGlobalSection
	GlobalSection(ExtensibilityGlobals) = postSolution
		SolutionGuid = {DDDDAF6A-3FC5-4106-992C-789EB263C2F1}
	EndGlobalSection
EndGlobal
